// !$*UTF8*$!
{
	archiveVersion = 1;
	classes = {
	};
	objectVersion = 46;
	objects = {

/* Begin PBXBuildFile section */
		93BE429613E7835E003EA9CD /* UIKit.framework in Frameworks */ = {isa = PBXBuildFile; fileRef = 93BE429513E7835E003EA9CD /* UIKit.framework */; };
		93BE429813E7835E003EA9CD /* Foundation.framework in Frameworks */ = {isa = PBXBuildFile; fileRef = 93BE429713E7835E003EA9CD /* Foundation.framework */; };
		93BE429A13E7835E003EA9CD /* CoreGraphics.framework in Frameworks */ = {isa = PBXBuildFile; fileRef = 93BE429913E7835E003EA9CD /* CoreGraphics.framework */; };
		93BE42A013E7835E003EA9CD /* InfoPlist.strings in Resources */ = {isa = PBXBuildFile; fileRef = 93BE429E13E7835E003EA9CD /* InfoPlist.strings */; };
		93BE42A213E7835E003EA9CD /* main.m in Sources */ = {isa = PBXBuildFile; fileRef = 93BE42A113E7835E003EA9CD /* main.m */; };
		93BE42A613E7835E003EA9CD /* LocationDotAppDelegate.m in Sources */ = {isa = PBXBuildFile; fileRef = 93BE42A513E7835E003EA9CD /* LocationDotAppDelegate.m */; };
		93BE42A913E7835E003EA9CD /* MainWindow.xib in Resources */ = {isa = PBXBuildFile; fileRef = 93BE42A713E7835E003EA9CD /* MainWindow.xib */; };
		93BE42AC13E7835E003EA9CD /* LocationDotViewController.m in Sources */ = {isa = PBXBuildFile; fileRef = 93BE42AB13E7835E003EA9CD /* LocationDotViewController.m */; };
		93BE42AF13E7835E003EA9CD /* LocationDotViewController.xib in Resources */ = {isa = PBXBuildFile; fileRef = 93BE42AD13E7835E003EA9CD /* LocationDotViewController.xib */; };
		93BE42B713E7835F003EA9CD /* SenTestingKit.framework in Frameworks */ = {isa = PBXBuildFile; fileRef = 93BE42B613E7835F003EA9CD /* SenTestingKit.framework */; };
		93BE42B813E7835F003EA9CD /* UIKit.framework in Frameworks */ = {isa = PBXBuildFile; fileRef = 93BE429513E7835E003EA9CD /* UIKit.framework */; };
		93BE42B913E7835F003EA9CD /* Foundation.framework in Frameworks */ = {isa = PBXBuildFile; fileRef = 93BE429713E7835E003EA9CD /* Foundation.framework */; };
		93BE42BA13E7835F003EA9CD /* CoreGraphics.framework in Frameworks */ = {isa = PBXBuildFile; fileRef = 93BE429913E7835E003EA9CD /* CoreGraphics.framework */; };
		93BE42C213E7835F003EA9CD /* InfoPlist.strings in Resources */ = {isa = PBXBuildFile; fileRef = 93BE42C013E7835F003EA9CD /* InfoPlist.strings */; };
		93BE42C413E7835F003EA9CD /* LocationDotTests.h in Resources */ = {isa = PBXBuildFile; fileRef = 93BE42C313E7835F003EA9CD /* LocationDotTests.h */; };
		93BE42C613E7835F003EA9CD /* LocationDotTests.m in Sources */ = {isa = PBXBuildFile; fileRef = 93BE42C513E7835F003EA9CD /* LocationDotTests.m */; };
/* End PBXBuildFile section */

/* Begin PBXContainerItemProxy section */
		93BE42BB13E7835F003EA9CD /* PBXContainerItemProxy */ = {
			isa = PBXContainerItemProxy;
			containerPortal = 93BE428813E7835E003EA9CD /* Project object */;
			proxyType = 1;
			remoteGlobalIDString = 93BE429013E7835E003EA9CD;
			remoteInfo = LocationDot;
		};
/* End PBXContainerItemProxy section */

/* Begin PBXFileReference section */
		93BE429113E7835E003EA9CD /* LocationDot.app */ = {isa = PBXFileReference; explicitFileType = wrapper.application; includeInIndex = 0; path = LocationDot.app; sourceTree = BUILT_PRODUCTS_DIR; };
		93BE429513E7835E003EA9CD /* UIKit.framework */ = {isa = PBXFileReference; lastKnownFileType = wrapper.framework; name = UIKit.framework; path = System/Library/Frameworks/UIKit.framework; sourceTree = SDKROOT; };
		93BE429713E7835E003EA9CD /* Foundation.framework */ = {isa = PBXFileReference; lastKnownFileType = wrapper.framework; name = Foundation.framework; path = System/Library/Frameworks/Foundation.framework; sourceTree = SDKROOT; };
		93BE429913E7835E003EA9CD /* CoreGraphics.framework */ = {isa = PBXFileReference; lastKnownFileType = wrapper.framework; name = CoreGraphics.framework; path = System/Library/Frameworks/CoreGraphics.framework; sourceTree = SDKROOT; };
		93BE429D13E7835E003EA9CD /* LocationDot-Info.plist */ = {isa = PBXFileReference; path = "LocationDot-Info.plist"; sourceTree = "<group>"; };
		93BE429F13E7835E003EA9CD /* en */ = {isa = PBXFileReference; lastKnownFileType = text.plist.strings; name = en; path = en.lproj/InfoPlist.strings; sourceTree = "<group>"; };
		93BE42A113E7835E003EA9CD /* main.m */ = {isa = PBXFileReference; lastKnownFileType = sourcecode.c.objc; path = main.m; sourceTree = "<group>"; };
		93BE42A313E7835E003EA9CD /* LocationDot-Prefix.pch */ = {isa = PBXFileReference; path = "LocationDot-Prefix.pch"; sourceTree = "<group>"; };
		93BE42A413E7835E003EA9CD /* LocationDotAppDelegate.h */ = {isa = PBXFileReference; path = LocationDotAppDelegate.h; sourceTree = "<group>"; };
		93BE42A513E7835E003EA9CD /* LocationDotAppDelegate.m */ = {isa = PBXFileReference; lastKnownFileType = sourcecode.c.objc; path = LocationDotAppDelegate.m; sourceTree = "<group>"; };
		93BE42A813E7835E003EA9CD /* en */ = {isa = PBXFileReference; lastKnownFileType = file.xib; name = en; path = en.lproj/MainWindow.xib; sourceTree = "<group>"; };
		93BE42AA13E7835E003EA9CD /* LocationDotViewController.h */ = {isa = PBXFileReference; path = LocationDotViewController.h; sourceTree = "<group>"; };
		93BE42AB13E7835E003EA9CD /* LocationDotViewController.m */ = {isa = PBXFileReference; lastKnownFileType = sourcecode.c.objc; path = LocationDotViewController.m; sourceTree = "<group>"; };
		93BE42AE13E7835E003EA9CD /* en */ = {isa = PBXFileReference; lastKnownFileType = file.xib; name = en; path = en.lproj/LocationDotViewController.xib; sourceTree = "<group>"; };
		93BE42B513E7835F003EA9CD /* LocationDotTests.octest */ = {isa = PBXFileReference; explicitFileType = wrapper.cfbundle; includeInIndex = 0; path = LocationDotTests.octest; sourceTree = BUILT_PRODUCTS_DIR; };
		93BE42B613E7835F003EA9CD /* SenTestingKit.framework */ = {isa = PBXFileReference; lastKnownFileType = wrapper.framework; name = SenTestingKit.framework; path = Library/Frameworks/SenTestingKit.framework; sourceTree = DEVELOPER_DIR; };
		93BE42BF13E7835F003EA9CD /* LocationDotTests-Info.plist */ = {isa = PBXFileReference; path = "LocationDotTests-Info.plist"; sourceTree = "<group>"; };
		93BE42C113E7835F003EA9CD /* en */ = {isa = PBXFileReference; lastKnownFileType = text.plist.strings; name = en; path = en.lproj/InfoPlist.strings; sourceTree = "<group>"; };
		93BE42C313E7835F003EA9CD /* LocationDotTests.h */ = {isa = PBXFileReference; lastKnownFileType = sourcecode.c.h; path = LocationDotTests.h; sourceTree = "<group>"; };
		93BE42C513E7835F003EA9CD /* LocationDotTests.m */ = {isa = PBXFileReference; lastKnownFileType = sourcecode.c.objc; path = LocationDotTests.m; sourceTree = "<group>"; };
/* End PBXFileReference section */

/* Begin PBXFrameworksBuildPhase section */
		93BE428E13E7835E003EA9CD /* Frameworks */ = {
			isa = PBXFrameworksBuildPhase;
			buildActionMask = 2147483647;
			files = (
				93BE429613E7835E003EA9CD /* UIKit.framework in Frameworks */,
				93BE429813E7835E003EA9CD /* Foundation.framework in Frameworks */,
				93BE429A13E7835E003EA9CD /* CoreGraphics.framework in Frameworks */,
			);
			runOnlyForDeploymentPostprocessing = 0;
		};
		93BE42B113E7835F003EA9CD /* Frameworks */ = {
			isa = PBXFrameworksBuildPhase;
			buildActionMask = 2147483647;
			files = (
				93BE42B713E7835F003EA9CD /* SenTestingKit.framework in Frameworks */,
				93BE42B813E7835F003EA9CD /* UIKit.framework in Frameworks */,
				93BE42B913E7835F003EA9CD /* Foundation.framework in Frameworks */,
				93BE42BA13E7835F003EA9CD /* CoreGraphics.framework in Frameworks */,
			);
			runOnlyForDeploymentPostprocessing = 0;
		};
/* End PBXFrameworksBuildPhase section */

/* Begin PBXGroup section */
		93BE428613E7835E003EA9CD = {
			isa = PBXGroup;
			children = (
				93BE429B13E7835E003EA9CD /* LocationDot */,
				93BE42BD13E7835F003EA9CD /* LocationDotTests */,
				93BE429413E7835E003EA9CD /* Frameworks */,
				93BE429213E7835E003EA9CD /* Products */,
			);
			sourceTree = "<group>";
		};
		93BE429213E7835E003EA9CD /* Products */ = {
			isa = PBXGroup;
			children = (
				93BE429113E7835E003EA9CD /* LocationDot.app */,
				93BE42B513E7835F003EA9CD /* LocationDotTests.octest */,
			);
			name = Products;
			sourceTree = "<group>";
		};
		93BE429413E7835E003EA9CD /* Frameworks */ = {
			isa = PBXGroup;
			children = (
				93BE429513E7835E003EA9CD /* UIKit.framework */,
				93BE429713E7835E003EA9CD /* Foundation.framework */,
				93BE429913E7835E003EA9CD /* CoreGraphics.framework */,
				93BE42B613E7835F003EA9CD /* SenTestingKit.framework */,
			);
			name = Frameworks;
			sourceTree = "<group>";
		};
		93BE429B13E7835E003EA9CD /* LocationDot */ = {
			isa = PBXGroup;
			children = (
				93BE42A413E7835E003EA9CD /* LocationDotAppDelegate.h */,
				93BE42A513E7835E003EA9CD /* LocationDotAppDelegate.m */,
				93BE42A713E7835E003EA9CD /* MainWindow.xib */,
				93BE42AA13E7835E003EA9CD /* LocationDotViewController.h */,
				93BE42AB13E7835E003EA9CD /* LocationDotViewController.m */,
				93BE42AD13E7835E003EA9CD /* LocationDotViewController.xib */,
				93BE429C13E7835E003EA9CD /* Supporting Files */,
			);
			path = LocationDot;
			sourceTree = "<group>";
		};
		93BE429C13E7835E003EA9CD /* Supporting Files */ = {
			isa = PBXGroup;
			children = (
				93BE429D13E7835E003EA9CD /* LocationDot-Info.plist */,
				93BE429E13E7835E003EA9CD /* InfoPlist.strings */,
				93BE42A113E7835E003EA9CD /* main.m */,
				93BE42A313E7835E003EA9CD /* LocationDot-Prefix.pch */,
			);
			name = "Supporting Files";
			sourceTree = "<group>";
		};
		93BE42BD13E7835F003EA9CD /* LocationDotTests */ = {
			isa = PBXGroup;
			children = (
				93BE42C313E7835F003EA9CD /* LocationDotTests.h */,
				93BE42C513E7835F003EA9CD /* LocationDotTests.m */,
				93BE42BE13E7835F003EA9CD /* Supporting Files */,
			);
			path = LocationDotTests;
			sourceTree = "<group>";
		};
		93BE42BE13E7835F003EA9CD /* Supporting Files */ = {
			isa = PBXGroup;
			children = (
				93BE42BF13E7835F003EA9CD /* LocationDotTests-Info.plist */,
				93BE42C013E7835F003EA9CD /* InfoPlist.strings */,
			);
			name = "Supporting Files";
			sourceTree = "<group>";
		};
/* End PBXGroup section */

/* Begin PBXNativeTarget section */
		93BE429013E7835E003EA9CD /* LocationDot */ = {
			isa = PBXNativeTarget;
			buildConfigurationList = 93BE42C913E7835F003EA9CD /* Build configuration list for PBXNativeTarget "LocationDot" */;
			buildPhases = (
				93BE428D13E7835E003EA9CD /* Sources */,
				93BE428E13E7835E003EA9CD /* Frameworks */,
				93BE428F13E7835E003EA9CD /* Resources */,
			);
			buildRules = (
			);
			dependencies = (
			);
			name = LocationDot;
			productName = LocationDot;
			productReference = 93BE429113E7835E003EA9CD /* LocationDot.app */;
			productType = "com.apple.product-type.application";
		};
		93BE42B413E7835F003EA9CD /* LocationDotTests */ = {
			isa = PBXNativeTarget;
			buildConfigurationList = 93BE42CC13E7835F003EA9CD /* Build configuration list for PBXNativeTarget "LocationDotTests" */;
			buildPhases = (
				93BE42B013E7835F003EA9CD /* Sources */,
				93BE42B113E7835F003EA9CD /* Frameworks */,
				93BE42B213E7835F003EA9CD /* Resources */,
				93BE42B313E7835F003EA9CD /* ShellScript */,
			);
			buildRules = (
			);
			dependencies = (
				93BE42BC13E7835F003EA9CD /* PBXTargetDependency */,
			);
			name = LocationDotTests;
			productName = LocationDotTests;
			productReference = 93BE42B513E7835F003EA9CD /* LocationDotTests.octest */;
			productType = "com.apple.product-type.bundle";
		};
/* End PBXNativeTarget section */

/* Begin PBXProject section */
		93BE428813E7835E003EA9CD /* Project object */ = {
			isa = PBXProject;
			buildConfigurationList = 93BE428B13E7835E003EA9CD /* Build configuration list for PBXProject "LocationDot" */;
			compatibilityVersion = "Xcode 3.2";
			developmentRegion = English;
			hasScannedForEncodings = 0;
			knownRegions = (
				en,
			);
			mainGroup = 93BE428613E7835E003EA9CD;
			productRefGroup = 93BE429213E7835E003EA9CD /* Products */;
			projectDirPath = "";
			projectRoot = "";
			targets = (
				93BE429013E7835E003EA9CD /* LocationDot */,
				93BE42B413E7835F003EA9CD /* LocationDotTests */,
			);
		};
/* End PBXProject section */

/* Begin PBXResourcesBuildPhase section */
		93BE428F13E7835E003EA9CD /* Resources */ = {
			isa = PBXResourcesBuildPhase;
			buildActionMask = 2147483647;
			files = (
				93BE42A013E7835E003EA9CD /* InfoPlist.strings in Resources */,
				93BE42A913E7835E003EA9CD /* MainWindow.xib in Resources */,
				93BE42AF13E7835E003EA9CD /* LocationDotViewController.xib in Resources */,
			);
			runOnlyForDeploymentPostprocessing = 0;
		};
		93BE42B213E7835F003EA9CD /* Resources */ = {
			isa = PBXResourcesBuildPhase;
			buildActionMask = 2147483647;
			files = (
				93BE42C213E7835F003EA9CD /* InfoPlist.strings in Resources */,
				93BE42C413E7835F003EA9CD /* LocationDotTests.h in Resources */,
			);
			runOnlyForDeploymentPostprocessing = 0;
		};
/* End PBXResourcesBuildPhase section */

/* Begin PBXShellScriptBuildPhase section */
		93BE42B313E7835F003EA9CD /* ShellScript */ = {
			isa = PBXShellScriptBuildPhase;
			buildActionMask = 2147483647;
			files = (
			);
			inputPaths = (
			);
			outputPaths = (
			);
			runOnlyForDeploymentPostprocessing = 0;
			shellPath = /bin/sh;
			shellScript = "# Run the unit tests in this test bundle.\n\"${SYSTEM_DEVELOPER_DIR}/Tools/RunUnitTests\"\n";
		};
/* End PBXShellScriptBuildPhase section */

/* Begin PBXSourcesBuildPhase section */
		93BE428D13E7835E003EA9CD /* Sources */ = {
			isa = PBXSourcesBuildPhase;
			buildActionMask = 2147483647;
			files = (
				93BE42A213E7835E003EA9CD /* main.m in Sources */,
				93BE42A613E7835E003EA9CD /* LocationDotAppDelegate.m in Sources */,
				93BE42AC13E7835E003EA9CD /* LocationDotViewController.m in Sources */,
			);
			runOnlyForDeploymentPostprocessing = 0;
		};
		93BE42B013E7835F003EA9CD /* Sources */ = {
			isa = PBXSourcesBuildPhase;
			buildActionMask = 2147483647;
			files = (
				93BE42C613E7835F003EA9CD /* LocationDotTests.m in Sources */,
			);
			runOnlyForDeploymentPostprocessing = 0;
		};
/* End PBXSourcesBuildPhase section */

/* Begin PBXTargetDependency section */
		93BE42BC13E7835F003EA9CD /* PBXTargetDependency */ = {
			isa = PBXTargetDependency;
			target = 93BE429013E7835E003EA9CD /* LocationDot */;
			targetProxy = 93BE42BB13E7835F003EA9CD /* PBXContainerItemProxy */;
		};
/* End PBXTargetDependency section */

/* Begin PBXVariantGroup section */
		93BE429E13E7835E003EA9CD /* InfoPlist.strings */ = {
			isa = PBXVariantGroup;
			children = (
				93BE429F13E7835E003EA9CD /* en */,
			);
			name = InfoPlist.strings;
			sourceTree = "<group>";
		};
		93BE42A713E7835E003EA9CD /* MainWindow.xib */ = {
			isa = PBXVariantGroup;
			children = (
				93BE42A813E7835E003EA9CD /* en */,
			);
			name = MainWindow.xib;
			sourceTree = "<group>";
		};
		93BE42AD13E7835E003EA9CD /* LocationDotViewController.xib */ = {
			isa = PBXVariantGroup;
			children = (
				93BE42AE13E7835E003EA9CD /* en */,
			);
			name = LocationDotViewController.xib;
			sourceTree = "<group>";
		};
		93BE42C013E7835F003EA9CD /* InfoPlist.strings */ = {
			isa = PBXVariantGroup;
			children = (
				93BE42C113E7835F003EA9CD /* en */,
			);
			name = InfoPlist.strings;
			sourceTree = "<group>";
		};
/* End PBXVariantGroup section */

/* Begin XCBuildConfiguration section */
		93BE42C713E7835F003EA9CD /* Debug */ = {
			isa = XCBuildConfiguration;
			buildSettings = {
				ALWAYS_SEARCH_USER_PATHS = NO;
				ARCHS = "$(ARCHS_STANDARD_32_BIT)";
				"CODE_SIGN_IDENTITY[sdk=iphoneos*]" = "iPhone Developer";
				COPY_PHASE_STRIP = NO;
				GCC_C_LANGUAGE_STANDARD = gnu99;
				GCC_DYNAMIC_NO_PIC = NO;
				GCC_OPTIMIZATION_LEVEL = 0;
				GCC_PREPROCESSOR_DEFINITIONS = (
					"DEBUG=1",
					"$(inherited)",
				);
				GCC_SYMBOLS_PRIVATE_EXTERN = NO;
				GCC_VERSION = com.apple.compilers.llvmgcc42;
				GCC_WARN_ABOUT_MISSING_PROTOTYPES = YES;
				GCC_WARN_ABOUT_RETURN_TYPE = YES;
				GCC_WARN_UNUSED_VARIABLE = YES;
				IPHONEOS_DEPLOYMENT_TARGET = 4.3;
				SDKROOT = iphoneos;
			};
			name = Debug;
		};
		93BE42C813E7835F003EA9CD /* Release */ = {
			isa = XCBuildConfiguration;
			buildSettings = {
				ALWAYS_SEARCH_USER_PATHS = NO;
				ARCHS = "$(ARCHS_STANDARD_32_BIT)";
				"CODE_SIGN_IDENTITY[sdk=iphoneos*]" = "iPhone Developer";
				COPY_PHASE_STRIP = YES;
				GCC_C_LANGUAGE_STANDARD = gnu99;
				GCC_VERSION = com.apple.compilers.llvmgcc42;
				GCC_WARN_ABOUT_MISSING_PROTOTYPES = YES;
				GCC_WARN_ABOUT_RETURN_TYPE = YES;
				GCC_WARN_UNUSED_VARIABLE = YES;
				IPHONEOS_DEPLOYMENT_TARGET = 4.3;
				OTHER_CFLAGS = "-DNS_BLOCK_ASSERTIONS=1";
				SDKROOT = iphoneos;
				VALIDATE_PRODUCT = YES;
			};
			name = Release;
		};
		93BE42CA13E7835F003EA9CD /* Debug */ = {
			isa = XCBuildConfiguration;
			buildSettings = {
				GCC_PRECOMPILE_PREFIX_HEADER = YES;
				GCC_PREFIX_HEADER = "LocationDot/LocationDot-Prefix.pch";
				INFOPLIST_FILE = "LocationDot/LocationDot-Info.plist";
				PRODUCT_NAME = "$(TARGET_NAME)";
				WRAPPER_EXTENSION = app;
			};
			name = Debug;
		};
		93BE42CB13E7835F003EA9CD /* Release */ = {
			isa = XCBuildConfiguration;
			buildSettings = {
				GCC_PRECOMPILE_PREFIX_HEADER = YES;
				GCC_PREFIX_HEADER = "LocationDot/LocationDot-Prefix.pch";
				INFOPLIST_FILE = "LocationDot/LocationDot-Info.plist";
				PRODUCT_NAME = "$(TARGET_NAME)";
				WRAPPER_EXTENSION = app;
			};
			name = Release;
		};
		93BE42CD13E7835F003EA9CD /* Debug */ = {
			isa = XCBuildConfiguration;
			buildSettings = {
				BUNDLE_LOADER = "$(BUILT_PRODUCTS_DIR)/LocationDot.app/LocationDot";
				FRAMEWORK_SEARCH_PATHS = (
					"$(SDKROOT)/Developer/Library/Frameworks",
					"$(DEVELOPER_LIBRARY_DIR)/Frameworks",
				);
				GCC_PRECOMPILE_PREFIX_HEADER = YES;
				GCC_PREFIX_HEADER = "LocationDot/LocationDot-Prefix.pch";
				INFOPLIST_FILE = "LocationDotTests/LocationDotTests-Info.plist";
				PRODUCT_NAME = "$(TARGET_NAME)";
				TEST_HOST = "$(BUNDLE_LOADER)";
				WRAPPER_EXTENSION = octest;
			};
			name = Debug;
		};
		93BE42CE13E7835F003EA9CD /* Release */ = {
			isa = XCBuildConfiguration;
			buildSettings = {
				BUNDLE_LOADER = "$(BUILT_PRODUCTS_DIR)/LocationDot.app/LocationDot";
				FRAMEWORK_SEARCH_PATHS = (
					"$(SDKROOT)/Developer/Library/Frameworks",
					"$(DEVELOPER_LIBRARY_DIR)/Frameworks",
				);
				GCC_PRECOMPILE_PREFIX_HEADER = YES;
				GCC_PREFIX_HEADER = "LocationDot/LocationDot-Prefix.pch";
				INFOPLIST_FILE = "LocationDotTests/LocationDotTests-Info.plist";
				PRODUCT_NAME = "$(TARGET_NAME)";
				TEST_HOST = "$(BUNDLE_LOADER)";
				WRAPPER_EXTENSION = octest;
			};
			name = Release;
		};
/* End XCBuildConfiguration section */

/* Begin XCConfigurationList section */
		93BE428B13E7835E003EA9CD /* Build configuration list for PBXProject "LocationDot" */ = {
			isa = XCConfigurationList;
			buildConfigurations = (
				93BE42C713E7835F003EA9CD /* Debug */,
				93BE42C813E7835F003EA9CD /* Release */,
			);
			defaultConfigurationIsVisible = 0;
			defaultConfigurationName = Release;
		};
		93BE42C913E7835F003EA9CD /* Build configuration list for PBXNativeTarget "LocationDot" */ = {
			isa = XCConfigurationList;
			buildConfigurations = (
				93BE42CA13E7835F003EA9CD /* Debug */,
				93BE42CB13E7835F003EA9CD /* Release */,
			);
			defaultConfigurationIsVisible = 0;
		};
		93BE42CC13E7835F003EA9CD /* Build configuration list for PBXNativeTarget "LocationDotTests" */ = {
			isa = XCConfigurationList;
			buildConfigurations = (
				93BE42CD13E7835F003EA9CD /* Debug */,
				93BE42CE13E7835F003EA9CD /* Release */,
			);
			defaultConfigurationIsVisible = 0;
		};
/* End XCConfigurationList section */
	};
	rootObject = 93BE428813E7835E003EA9CD /* Project object */;
}
