// !$*UTF8*$!
{
	archiveVersion = 1;
	classes = {
	};
	objectVersion = 46;
	objects = {

/* Begin PBXBuildFile section */
		93F81AF613E76C2E00FC8D9D /* UIKit.framework in Frameworks */ = {isa = PBXBuildFile; fileRef = 93F81AF513E76C2E00FC8D9D /* UIKit.framework */; };
		93F81AF813E76C2E00FC8D9D /* Foundation.framework in Frameworks */ = {isa = PBXBuildFile; fileRef = 93F81AF713E76C2E00FC8D9D /* Foundation.framework */; };
		93F81AFA13E76C2E00FC8D9D /* CoreGraphics.framework in Frameworks */ = {isa = PBXBuildFile; fileRef = 93F81AF913E76C2E00FC8D9D /* CoreGraphics.framework */; };
		93F81B0013E76C2E00FC8D9D /* InfoPlist.strings in Resources */ = {isa = PBXBuildFile; fileRef = 93F81AFE13E76C2E00FC8D9D /* InfoPlist.strings */; };
		93F81B0213E76C2E00FC8D9D /* main.m in Sources */ = {isa = PBXBuildFile; fileRef = 93F81B0113E76C2E00FC8D9D /* main.m */; };
		93F81B0613E76C2E00FC8D9D /* GPSLocationDotAppDelegate.m in Sources */ = {isa = PBXBuildFile; fileRef = 93F81B0513E76C2E00FC8D9D /* GPSLocationDotAppDelegate.m */; };
		93F81B0913E76C2E00FC8D9D /* MainWindow.xib in Resources */ = {isa = PBXBuildFile; fileRef = 93F81B0713E76C2E00FC8D9D /* MainWindow.xib */; };
		93F81B0C13E76C2E00FC8D9D /* GPSLocationDotViewController.m in Sources */ = {isa = PBXBuildFile; fileRef = 93F81B0B13E76C2E00FC8D9D /* GPSLocationDotViewController.m */; };
		93F81B0F13E76C2E00FC8D9D /* GPSLocationDotViewController.xib in Resources */ = {isa = PBXBuildFile; fileRef = 93F81B0D13E76C2E00FC8D9D /* GPSLocationDotViewController.xib */; };
		93F81B1713E76C2E00FC8D9D /* SenTestingKit.framework in Frameworks */ = {isa = PBXBuildFile; fileRef = 93F81B1613E76C2E00FC8D9D /* SenTestingKit.framework */; };
		93F81B1813E76C2E00FC8D9D /* UIKit.framework in Frameworks */ = {isa = PBXBuildFile; fileRef = 93F81AF513E76C2E00FC8D9D /* UIKit.framework */; };
		93F81B1913E76C2E00FC8D9D /* Foundation.framework in Frameworks */ = {isa = PBXBuildFile; fileRef = 93F81AF713E76C2E00FC8D9D /* Foundation.framework */; };
		93F81B1A13E76C2E00FC8D9D /* CoreGraphics.framework in Frameworks */ = {isa = PBXBuildFile; fileRef = 93F81AF913E76C2E00FC8D9D /* CoreGraphics.framework */; };
		93F81B2213E76C2E00FC8D9D /* InfoPlist.strings in Resources */ = {isa = PBXBuildFile; fileRef = 93F81B2013E76C2E00FC8D9D /* InfoPlist.strings */; };
		93F81B2413E76C2E00FC8D9D /* GPSLocationDotTests.h in Resources */ = {isa = PBXBuildFile; fileRef = 93F81B2313E76C2E00FC8D9D /* GPSLocationDotTests.h */; };
		93F81B2613E76C2E00FC8D9D /* GPSLocationDotTests.m in Sources */ = {isa = PBXBuildFile; fileRef = 93F81B2513E76C2E00FC8D9D /* GPSLocationDotTests.m */; };
/* End PBXBuildFile section */

/* Begin PBXContainerItemProxy section */
		93F81B1B13E76C2E00FC8D9D /* PBXContainerItemProxy */ = {
			isa = PBXContainerItemProxy;
			containerPortal = 93F81AE813E76C2E00FC8D9D /* Project object */;
			proxyType = 1;
			remoteGlobalIDString = 93F81AF013E76C2E00FC8D9D;
			remoteInfo = GPSLocationDot;
		};
/* End PBXContainerItemProxy section */

/* Begin PBXFileReference section */
		93F81AF113E76C2E00FC8D9D /* GPSLocationDot.app */ = {isa = PBXFileReference; explicitFileType = wrapper.application; includeInIndex = 0; path = GPSLocationDot.app; sourceTree = BUILT_PRODUCTS_DIR; };
		93F81AF513E76C2E00FC8D9D /* UIKit.framework */ = {isa = PBXFileReference; lastKnownFileType = wrapper.framework; name = UIKit.framework; path = System/Library/Frameworks/UIKit.framework; sourceTree = SDKROOT; };
		93F81AF713E76C2E00FC8D9D /* Foundation.framework */ = {isa = PBXFileReference; lastKnownFileType = wrapper.framework; name = Foundation.framework; path = System/Library/Frameworks/Foundation.framework; sourceTree = SDKROOT; };
		93F81AF913E76C2E00FC8D9D /* CoreGraphics.framework */ = {isa = PBXFileReference; lastKnownFileType = wrapper.framework; name = CoreGraphics.framework; path = System/Library/Frameworks/CoreGraphics.framework; sourceTree = SDKROOT; };
		93F81AFD13E76C2E00FC8D9D /* GPSLocationDot-Info.plist */ = {isa = PBXFileReference; path = "GPSLocationDot-Info.plist"; sourceTree = "<group>"; };
		93F81AFF13E76C2E00FC8D9D /* en */ = {isa = PBXFileReference; lastKnownFileType = text.plist.strings; name = en; path = en.lproj/InfoPlist.strings; sourceTree = "<group>"; };
		93F81B0113E76C2E00FC8D9D /* main.m */ = {isa = PBXFileReference; lastKnownFileType = sourcecode.c.objc; path = main.m; sourceTree = "<group>"; };
		93F81B0313E76C2E00FC8D9D /* GPSLocationDot-Prefix.pch */ = {isa = PBXFileReference; path = "GPSLocationDot-Prefix.pch"; sourceTree = "<group>"; };
		93F81B0413E76C2E00FC8D9D /* GPSLocationDotAppDelegate.h */ = {isa = PBXFileReference; path = GPSLocationDotAppDelegate.h; sourceTree = "<group>"; };
		93F81B0513E76C2E00FC8D9D /* GPSLocationDotAppDelegate.m */ = {isa = PBXFileReference; lastKnownFileType = sourcecode.c.objc; path = GPSLocationDotAppDelegate.m; sourceTree = "<group>"; };
		93F81B0813E76C2E00FC8D9D /* en */ = {isa = PBXFileReference; lastKnownFileType = file.xib; name = en; path = en.lproj/MainWindow.xib; sourceTree = "<group>"; };
		93F81B0A13E76C2E00FC8D9D /* GPSLocationDotViewController.h */ = {isa = PBXFileReference; path = GPSLocationDotViewController.h; sourceTree = "<group>"; };
		93F81B0B13E76C2E00FC8D9D /* GPSLocationDotViewController.m */ = {isa = PBXFileReference; lastKnownFileType = sourcecode.c.objc; path = GPSLocationDotViewController.m; sourceTree = "<group>"; };
		93F81B0E13E76C2E00FC8D9D /* en */ = {isa = PBXFileReference; lastKnownFileType = file.xib; name = en; path = en.lproj/GPSLocationDotViewController.xib; sourceTree = "<group>"; };
		93F81B1513E76C2E00FC8D9D /* GPSLocationDotTests.octest */ = {isa = PBXFileReference; explicitFileType = wrapper.cfbundle; includeInIndex = 0; path = GPSLocationDotTests.octest; sourceTree = BUILT_PRODUCTS_DIR; };
		93F81B1613E76C2E00FC8D9D /* SenTestingKit.framework */ = {isa = PBXFileReference; lastKnownFileType = wrapper.framework; name = SenTestingKit.framework; path = Library/Frameworks/SenTestingKit.framework; sourceTree = DEVELOPER_DIR; };
		93F81B1F13E76C2E00FC8D9D /* GPSLocationDotTests-Info.plist */ = {isa = PBXFileReference; path = "GPSLocationDotTests-Info.plist"; sourceTree = "<group>"; };
		93F81B2113E76C2E00FC8D9D /* en */ = {isa = PBXFileReference; lastKnownFileType = text.plist.strings; name = en; path = en.lproj/InfoPlist.strings; sourceTree = "<group>"; };
		93F81B2313E76C2E00FC8D9D /* GPSLocationDotTests.h */ = {isa = PBXFileReference; lastKnownFileType = sourcecode.c.h; path = GPSLocationDotTests.h; sourceTree = "<group>"; };
		93F81B2513E76C2E00FC8D9D /* GPSLocationDotTests.m */ = {isa = PBXFileReference; lastKnownFileType = sourcecode.c.objc; path = GPSLocationDotTests.m; sourceTree = "<group>"; };
/* End PBXFileReference section */

/* Begin PBXFrameworksBuildPhase section */
		93F81AEE13E76C2E00FC8D9D /* Frameworks */ = {
			isa = PBXFrameworksBuildPhase;
			buildActionMask = 2147483647;
			files = (
				93F81AF613E76C2E00FC8D9D /* UIKit.framework in Frameworks */,
				93F81AF813E76C2E00FC8D9D /* Foundation.framework in Frameworks */,
				93F81AFA13E76C2E00FC8D9D /* CoreGraphics.framework in Frameworks */,
			);
			runOnlyForDeploymentPostprocessing = 0;
		};
		93F81B1113E76C2E00FC8D9D /* Frameworks */ = {
			isa = PBXFrameworksBuildPhase;
			buildActionMask = 2147483647;
			files = (
				93F81B1713E76C2E00FC8D9D /* SenTestingKit.framework in Frameworks */,
				93F81B1813E76C2E00FC8D9D /* UIKit.framework in Frameworks */,
				93F81B1913E76C2E00FC8D9D /* Foundation.framework in Frameworks */,
				93F81B1A13E76C2E00FC8D9D /* CoreGraphics.framework in Frameworks */,
			);
			runOnlyForDeploymentPostprocessing = 0;
		};
/* End PBXFrameworksBuildPhase section */

/* Begin PBXGroup section */
		93F81AE613E76C2E00FC8D9D = {
			isa = PBXGroup;
			children = (
				93F81AFB13E76C2E00FC8D9D /* GPSLocationDot */,
				93F81B1D13E76C2E00FC8D9D /* GPSLocationDotTests */,
				93F81AF413E76C2E00FC8D9D /* Frameworks */,
				93F81AF213E76C2E00FC8D9D /* Products */,
			);
			sourceTree = "<group>";
		};
		93F81AF213E76C2E00FC8D9D /* Products */ = {
			isa = PBXGroup;
			children = (
				93F81AF113E76C2E00FC8D9D /* GPSLocationDot.app */,
				93F81B1513E76C2E00FC8D9D /* GPSLocationDotTests.octest */,
			);
			name = Products;
			sourceTree = "<group>";
		};
		93F81AF413E76C2E00FC8D9D /* Frameworks */ = {
			isa = PBXGroup;
			children = (
				93F81AF513E76C2E00FC8D9D /* UIKit.framework */,
				93F81AF713E76C2E00FC8D9D /* Foundation.framework */,
				93F81AF913E76C2E00FC8D9D /* CoreGraphics.framework */,
				93F81B1613E76C2E00FC8D9D /* SenTestingKit.framework */,
			);
			name = Frameworks;
			sourceTree = "<group>";
		};
		93F81AFB13E76C2E00FC8D9D /* GPSLocationDot */ = {
			isa = PBXGroup;
			children = (
				93F81B0413E76C2E00FC8D9D /* GPSLocationDotAppDelegate.h */,
				93F81B0513E76C2E00FC8D9D /* GPSLocationDotAppDelegate.m */,
				93F81B0713E76C2E00FC8D9D /* MainWindow.xib */,
				93F81B0A13E76C2E00FC8D9D /* GPSLocationDotViewController.h */,
				93F81B0B13E76C2E00FC8D9D /* GPSLocationDotViewController.m */,
				93F81B0D13E76C2E00FC8D9D /* GPSLocationDotViewController.xib */,
				93F81AFC13E76C2E00FC8D9D /* Supporting Files */,
			);
			path = GPSLocationDot;
			sourceTree = "<group>";
		};
		93F81AFC13E76C2E00FC8D9D /* Supporting Files */ = {
			isa = PBXGroup;
			children = (
				93F81AFD13E76C2E00FC8D9D /* GPSLocationDot-Info.plist */,
				93F81AFE13E76C2E00FC8D9D /* InfoPlist.strings */,
				93F81B0113E76C2E00FC8D9D /* main.m */,
				93F81B0313E76C2E00FC8D9D /* GPSLocationDot-Prefix.pch */,
			);
			name = "Supporting Files";
			sourceTree = "<group>";
		};
		93F81B1D13E76C2E00FC8D9D /* GPSLocationDotTests */ = {
			isa = PBXGroup;
			children = (
				93F81B2313E76C2E00FC8D9D /* GPSLocationDotTests.h */,
				93F81B2513E76C2E00FC8D9D /* GPSLocationDotTests.m */,
				93F81B1E13E76C2E00FC8D9D /* Supporting Files */,
			);
			path = GPSLocationDotTests;
			sourceTree = "<group>";
		};
		93F81B1E13E76C2E00FC8D9D /* Supporting Files */ = {
			isa = PBXGroup;
			children = (
				93F81B1F13E76C2E00FC8D9D /* GPSLocationDotTests-Info.plist */,
				93F81B2013E76C2E00FC8D9D /* InfoPlist.strings */,
			);
			name = "Supporting Files";
			sourceTree = "<group>";
		};
/* End PBXGroup section */

/* Begin PBXNativeTarget section */
		93F81AF013E76C2E00FC8D9D /* GPSLocationDot */ = {
			isa = PBXNativeTarget;
			buildConfigurationList = 93F81B2913E76C2E00FC8D9D /* Build configuration list for PBXNativeTarget "GPSLocationDot" */;
			buildPhases = (
				93F81AED13E76C2E00FC8D9D /* Sources */,
				93F81AEE13E76C2E00FC8D9D /* Frameworks */,
				93F81AEF13E76C2E00FC8D9D /* Resources */,
			);
			buildRules = (
			);
			dependencies = (
			);
			name = GPSLocationDot;
			productName = GPSLocationDot;
			productReference = 93F81AF113E76C2E00FC8D9D /* GPSLocationDot.app */;
			productType = "com.apple.product-type.application";
		};
		93F81B1413E76C2E00FC8D9D /* GPSLocationDotTests */ = {
			isa = PBXNativeTarget;
			buildConfigurationList = 93F81B2C13E76C2E00FC8D9D /* Build configuration list for PBXNativeTarget "GPSLocationDotTests" */;
			buildPhases = (
				93F81B1013E76C2E00FC8D9D /* Sources */,
				93F81B1113E76C2E00FC8D9D /* Frameworks */,
				93F81B1213E76C2E00FC8D9D /* Resources */,
				93F81B1313E76C2E00FC8D9D /* ShellScript */,
			);
			buildRules = (
			);
			dependencies = (
				93F81B1C13E76C2E00FC8D9D /* PBXTargetDependency */,
			);
			name = GPSLocationDotTests;
			productName = GPSLocationDotTests;
			productReference = 93F81B1513E76C2E00FC8D9D /* GPSLocationDotTests.octest */;
			productType = "com.apple.product-type.bundle";
		};
/* End PBXNativeTarget section */

/* Begin PBXProject section */
		93F81AE813E76C2E00FC8D9D /* Project object */ = {
			isa = PBXProject;
			buildConfigurationList = 93F81AEB13E76C2E00FC8D9D /* Build configuration list for PBXProject "GPSLocationDot" */;
			compatibilityVersion = "Xcode 3.2";
			developmentRegion = English;
			hasScannedForEncodings = 0;
			knownRegions = (
				en,
			);
			mainGroup = 93F81AE613E76C2E00FC8D9D;
			productRefGroup = 93F81AF213E76C2E00FC8D9D /* Products */;
			projectDirPath = "";
			projectRoot = "";
			targets = (
				93F81AF013E76C2E00FC8D9D /* GPSLocationDot */,
				93F81B1413E76C2E00FC8D9D /* GPSLocationDotTests */,
			);
		};
/* End PBXProject section */

/* Begin PBXResourcesBuildPhase section */
		93F81AEF13E76C2E00FC8D9D /* Resources */ = {
			isa = PBXResourcesBuildPhase;
			buildActionMask = 2147483647;
			files = (
				93F81B0013E76C2E00FC8D9D /* InfoPlist.strings in Resources */,
				93F81B0913E76C2E00FC8D9D /* MainWindow.xib in Resources */,
				93F81B0F13E76C2E00FC8D9D /* GPSLocationDotViewController.xib in Resources */,
			);
			runOnlyForDeploymentPostprocessing = 0;
		};
		93F81B1213E76C2E00FC8D9D /* Resources */ = {
			isa = PBXResourcesBuildPhase;
			buildActionMask = 2147483647;
			files = (
				93F81B2213E76C2E00FC8D9D /* InfoPlist.strings in Resources */,
				93F81B2413E76C2E00FC8D9D /* GPSLocationDotTests.h in Resources */,
			);
			runOnlyForDeploymentPostprocessing = 0;
		};
/* End PBXResourcesBuildPhase section */

/* Begin PBXShellScriptBuildPhase section */
		93F81B1313E76C2E00FC8D9D /* ShellScript */ = {
			isa = PBXShellScriptBuildPhase;
			buildActionMask = 2147483647;
			files = (
			);
			inputPaths = (
			);
			outputPaths = (
			);
			runOnlyForDeploymentPostprocessing = 0;
			shellPath = /bin/sh;
			shellScript = "# Run the unit tests in this test bundle.\n\"${SYSTEM_DEVELOPER_DIR}/Tools/RunUnitTests\"\n";
		};
/* End PBXShellScriptBuildPhase section */

/* Begin PBXSourcesBuildPhase section */
		93F81AED13E76C2E00FC8D9D /* Sources */ = {
			isa = PBXSourcesBuildPhase;
			buildActionMask = 2147483647;
			files = (
				93F81B0213E76C2E00FC8D9D /* main.m in Sources */,
				93F81B0613E76C2E00FC8D9D /* GPSLocationDotAppDelegate.m in Sources */,
				93F81B0C13E76C2E00FC8D9D /* GPSLocationDotViewController.m in Sources */,
			);
			runOnlyForDeploymentPostprocessing = 0;
		};
		93F81B1013E76C2E00FC8D9D /* Sources */ = {
			isa = PBXSourcesBuildPhase;
			buildActionMask = 2147483647;
			files = (
				93F81B2613E76C2E00FC8D9D /* GPSLocationDotTests.m in Sources */,
			);
			runOnlyForDeploymentPostprocessing = 0;
		};
/* End PBXSourcesBuildPhase section */

/* Begin PBXTargetDependency section */
		93F81B1C13E76C2E00FC8D9D /* PBXTargetDependency */ = {
			isa = PBXTargetDependency;
			target = 93F81AF013E76C2E00FC8D9D /* GPSLocationDot */;
			targetProxy = 93F81B1B13E76C2E00FC8D9D /* PBXContainerItemProxy */;
		};
/* End PBXTargetDependency section */

/* Begin PBXVariantGroup section */
		93F81AFE13E76C2E00FC8D9D /* InfoPlist.strings */ = {
			isa = PBXVariantGroup;
			children = (
				93F81AFF13E76C2E00FC8D9D /* en */,
			);
			name = InfoPlist.strings;
			sourceTree = "<group>";
		};
		93F81B0713E76C2E00FC8D9D /* MainWindow.xib */ = {
			isa = PBXVariantGroup;
			children = (
				93F81B0813E76C2E00FC8D9D /* en */,
			);
			name = MainWindow.xib;
			sourceTree = "<group>";
		};
		93F81B0D13E76C2E00FC8D9D /* GPSLocationDotViewController.xib */ = {
			isa = PBXVariantGroup;
			children = (
				93F81B0E13E76C2E00FC8D9D /* en */,
			);
			name = GPSLocationDotViewController.xib;
			sourceTree = "<group>";
		};
		93F81B2013E76C2E00FC8D9D /* InfoPlist.strings */ = {
			isa = PBXVariantGroup;
			children = (
				93F81B2113E76C2E00FC8D9D /* en */,
			);
			name = InfoPlist.strings;
			sourceTree = "<group>";
		};
/* End PBXVariantGroup section */

/* Begin XCBuildConfiguration section */
		93F81B2713E76C2E00FC8D9D /* Debug */ = {
			isa = XCBuildConfiguration;
			buildSettings = {
				ALWAYS_SEARCH_USER_PATHS = NO;
				ARCHS = "$(ARCHS_STANDARD_32_BIT)";
				"CODE_SIGN_IDENTITY[sdk=iphoneos*]" = "iPhone Developer";
				COPY_PHASE_STRIP = NO;
				GCC_C_LANGUAGE_STANDARD = gnu99;
				GCC_DYNAMIC_NO_PIC = NO;
				GCC_OPTIMIZATION_LEVEL = 0;
				GCC_PREPROCESSOR_DEFINITIONS = (
					"DEBUG=1",
					"$(inherited)",
				);
				GCC_SYMBOLS_PRIVATE_EXTERN = NO;
				GCC_VERSION = com.apple.compilers.llvmgcc42;
				GCC_WARN_ABOUT_MISSING_PROTOTYPES = YES;
				GCC_WARN_ABOUT_RETURN_TYPE = YES;
				GCC_WARN_UNUSED_VARIABLE = YES;
				IPHONEOS_DEPLOYMENT_TARGET = 4.3;
				SDKROOT = iphoneos;
			};
			name = Debug;
		};
		93F81B2813E76C2E00FC8D9D /* Release */ = {
			isa = XCBuildConfiguration;
			buildSettings = {
				ALWAYS_SEARCH_USER_PATHS = NO;
				ARCHS = "$(ARCHS_STANDARD_32_BIT)";
				"CODE_SIGN_IDENTITY[sdk=iphoneos*]" = "iPhone Developer";
				COPY_PHASE_STRIP = YES;
				GCC_C_LANGUAGE_STANDARD = gnu99;
				GCC_VERSION = com.apple.compilers.llvmgcc42;
				GCC_WARN_ABOUT_MISSING_PROTOTYPES = YES;
				GCC_WARN_ABOUT_RETURN_TYPE = YES;
				GCC_WARN_UNUSED_VARIABLE = YES;
				IPHONEOS_DEPLOYMENT_TARGET = 4.3;
				OTHER_CFLAGS = "-DNS_BLOCK_ASSERTIONS=1";
				SDKROOT = iphoneos;
				VALIDATE_PRODUCT = YES;
			};
			name = Release;
		};
		93F81B2A13E76C2E00FC8D9D /* Debug */ = {
			isa = XCBuildConfiguration;
			buildSettings = {
				GCC_PRECOMPILE_PREFIX_HEADER = YES;
				GCC_PREFIX_HEADER = "GPSLocationDot/GPSLocationDot-Prefix.pch";
				INFOPLIST_FILE = "GPSLocationDot/GPSLocationDot-Info.plist";
				PRODUCT_NAME = "$(TARGET_NAME)";
				WRAPPER_EXTENSION = app;
			};
			name = Debug;
		};
		93F81B2B13E76C2E00FC8D9D /* Release */ = {
			isa = XCBuildConfiguration;
			buildSettings = {
				GCC_PRECOMPILE_PREFIX_HEADER = YES;
				GCC_PREFIX_HEADER = "GPSLocationDot/GPSLocationDot-Prefix.pch";
				INFOPLIST_FILE = "GPSLocationDot/GPSLocationDot-Info.plist";
				PRODUCT_NAME = "$(TARGET_NAME)";
				WRAPPER_EXTENSION = app;
			};
			name = Release;
		};
		93F81B2D13E76C2E00FC8D9D /* Debug */ = {
			isa = XCBuildConfiguration;
			buildSettings = {
				BUNDLE_LOADER = "$(BUILT_PRODUCTS_DIR)/GPSLocationDot.app/GPSLocationDot";
				FRAMEWORK_SEARCH_PATHS = (
					"$(SDKROOT)/Developer/Library/Frameworks",
					"$(DEVELOPER_LIBRARY_DIR)/Frameworks",
				);
				GCC_PRECOMPILE_PREFIX_HEADER = YES;
				GCC_PREFIX_HEADER = "GPSLocationDot/GPSLocationDot-Prefix.pch";
				INFOPLIST_FILE = "GPSLocationDotTests/GPSLocationDotTests-Info.plist";
				PRODUCT_NAME = "$(TARGET_NAME)";
				TEST_HOST = "$(BUNDLE_LOADER)";
				WRAPPER_EXTENSION = octest;
			};
			name = Debug;
		};
		93F81B2E13E76C2E00FC8D9D /* Release */ = {
			isa = XCBuildConfiguration;
			buildSettings = {
				BUNDLE_LOADER = "$(BUILT_PRODUCTS_DIR)/GPSLocationDot.app/GPSLocationDot";
				FRAMEWORK_SEARCH_PATHS = (
					"$(SDKROOT)/Developer/Library/Frameworks",
					"$(DEVELOPER_LIBRARY_DIR)/Frameworks",
				);
				GCC_PRECOMPILE_PREFIX_HEADER = YES;
				GCC_PREFIX_HEADER = "GPSLocationDot/GPSLocationDot-Prefix.pch";
				INFOPLIST_FILE = "GPSLocationDotTests/GPSLocationDotTests-Info.plist";
				PRODUCT_NAME = "$(TARGET_NAME)";
				TEST_HOST = "$(BUNDLE_LOADER)";
				WRAPPER_EXTENSION = octest;
			};
			name = Release;
		};
/* End XCBuildConfiguration section */

/* Begin XCConfigurationList section */
		93F81AEB13E76C2E00FC8D9D /* Build configuration list for PBXProject "GPSLocationDot" */ = {
			isa = XCConfigurationList;
			buildConfigurations = (
				93F81B2713E76C2E00FC8D9D /* Debug */,
				93F81B2813E76C2E00FC8D9D /* Release */,
			);
			defaultConfigurationIsVisible = 0;
			defaultConfigurationName = Release;
		};
		93F81B2913E76C2E00FC8D9D /* Build configuration list for PBXNativeTarget "GPSLocationDot" */ = {
			isa = XCConfigurationList;
			buildConfigurations = (
				93F81B2A13E76C2E00FC8D9D /* Debug */,
				93F81B2B13E76C2E00FC8D9D /* Release */,
			);
			defaultConfigurationIsVisible = 0;
		};
		93F81B2C13E76C2E00FC8D9D /* Build configuration list for PBXNativeTarget "GPSLocationDotTests" */ = {
			isa = XCConfigurationList;
			buildConfigurations = (
				93F81B2D13E76C2E00FC8D9D /* Debug */,
				93F81B2E13E76C2E00FC8D9D /* Release */,
			);
			defaultConfigurationIsVisible = 0;
		};
/* End XCConfigurationList section */
	};
	rootObject = 93F81AE813E76C2E00FC8D9D /* Project object */;
}
